
Microsoft Visual Studio Solution File, Format Version 12.00
# Visual Studio Version 16
VisualStudioVersion = 16.0.30611.23
MinimumVisualStudioVersion = 10.0.40219.1
Project("{8BC9CEB8-8B4A-11D0-8D11-00A0C91BC942}") = "LABA8", "LABA8\LABA8.vcxproj", "{C769AE17-F755-4AAD-9701-E4EF4BE4A1AF}"
EndProject
Global
	GlobalSection(SolutionConfigurationPlatforms) = preSolution
		Debug|x64 = Debug|x64
		Debug|x86 = Debug|x86
		Release|x64 = Release|x64
		Release|x86 = Release|x86
	EndGlobalSection
	GlobalSection(ProjectConfigurationPlatforms) = postSolution
		{C769AE17-F755-4AAD-9701-E4EF4BE4A1AF}.Debug|x64.ActiveCfg = Debug|x64
		{C769AE17-F755-4AAD-9701-E4EF4BE4A1AF}.Debug|x64.Build.0 = Debug|x64
		{C769AE17-F755-4AAD-9701-E4EF4BE4A1AF}.Debug|x86.ActiveCfg = Debug|Win32
		{C769AE17-F755-4AAD-9701-E4EF4BE4A1AF}.Debug|x86.Build.0 = Debug|Win32
		{C769AE17-F755-4AAD-9701-E4EF4BE4A1AF}.Release|x64.ActiveCfg = Release|x64
		{C769AE17-F755-4AAD-9701-E4EF4BE4A1AF}.Release|x64.Build.0 = Release|x64
		{C769AE17-F755-4AAD-9701-E4EF4BE4A1AF}.Release|x86.ActiveCfg = Release|Win32
		{C769AE17-F755-4AAD-9701-E4EF4BE4A1AF}.Release|x86.Build.0 = Release|Win32
	EndGlobalSection
	GlobalSection(SolutionProperties) = preSolution
		HideSolutionNode = FALSE
	EndGlobalSection
	GlobalSection(ExtensibilityGlobals) = postSolution
		SolutionGuid = {37026DA5-5E50-463B-8A47-5F7EC2B93760}
	EndGlobalSection
EndGlobal
